
Microsoft Visual Studio Solution File, Format Version 12.00
# Visual Studio Version 17
VisualStudioVersion = 17.8.34309.116
MinimumVisualStudioVersion = 10.0.40219.1
Project("{9A19103F-16F7-4668-BE54-9A1E7A4F7556}") = "AI050LabAlternate", "AI050LabAlternate.csproj", "{75FBC5E5-47B8-46BB-8129-369335F6D569}"
EndProject
Global
	GlobalSection(SolutionConfigurationPlatforms) = preSolution
		Debug|Any CPU = Debug|Any CPU
		Release|Any CPU = Release|Any CPU
	EndGlobalSection
	GlobalSection(ProjectConfigurationPlatforms) = postSolution
		{75FBC5E5-47B8-46BB-8129-369335F6D569}.Debug|Any CPU.ActiveCfg = Debug|Any CPU
		{75FBC5E5-47B8-46BB-8129-369335F6D569}.Debug|Any CPU.Build.0 = Debug|Any CPU
		{75FBC5E5-47B8-46BB-8129-369335F6D569}.Release|Any CPU.ActiveCfg = Release|Any CPU
		{75FBC5E5-47B8-46BB-8129-369335F6D569}.Release|Any CPU.Build.0 = Release|Any CPU
	EndGlobalSection
	GlobalSection(SolutionProperties) = preSolution
		HideSolutionNode = FALSE
	EndGlobalSection
	GlobalSection(ExtensibilityGlobals) = postSolution
		SolutionGuid = {37B76B20-E445-4B92-AA56-FE6A10E7EB42}
	EndGlobalSection
EndGlobal
